{
  "name": "teams-for-linux",
  "version": "0.7.3",
  "lockfileVersion": 1,
  "requires": true,
  "dependencies": {
    "electron-dl": {
      "version": "1.14.0",
      "resolved": "https://registry.npmjs.org/electron-dl/-/electron-dl-1.14.0.tgz",
      "integrity": "sha512-4okyei42a1mLsvLK7hLrIfd20EQzB18nIlLTwBV992aMSmTGLUEFRTmO1MfSslGNrzD8nuPuy1l/VxO8so4lig==",
      "requires": {
        "ext-name": "^5.0.0",
        "pupa": "^1.0.0",
        "unused-filename": "^1.0.0"
      }
    },
    "electron-editor-context-menu": {
      "version": "1.1.1",
      "requires": {
        "lodash.clonedeep": "^4.3.0",
        "lodash.defaults": "^4.0.1",
        "lodash.isarray": "^4.0.0",
        "lodash.isempty": "^4.1.2",
        "lodash.isfunction": "^3.0.8"
      }
    },
    "electron-native-notification": {
      "version": "1.2.1"
    },
    "electron-window-state": {
      "version": "5.0.3",
      "requires": {
        "jsonfile": "^4.0.0",
        "mkdirp": "^0.5.1"
      }
    },
    "ext-list": {
      "version": "2.2.2",
      "resolved": "https://registry.npmjs.org/ext-list/-/ext-list-2.2.2.tgz",
      "integrity": "sha512-u+SQgsubraE6zItfVA0tBuCBhfU9ogSRnsvygI7wht9TS510oLkBRXBsqopeUG/GBOIQyKZO9wjTqIu/sf5zFA==",
      "requires": {
        "mime-db": "^1.28.0"
      }
    },
    "ext-name": {
      "version": "5.0.0",
      "resolved": "https://registry.npmjs.org/ext-name/-/ext-name-5.0.0.tgz",
      "integrity": "sha512-yblEwXAbGv1VQDmow7s38W77hzAgJAO50ztBLMcUyUBfxv1HC+LGwtiEN+Co6LtlqT/5uwVOxsD4TNIilWhwdQ==",
      "requires": {
        "ext-list": "^2.0.0",
        "sort-keys-length": "^1.0.0"
      }
    },
    "graceful-fs": {
      "version": "4.2.2",
      "resolved": "https://registry.npmjs.org/graceful-fs/-/graceful-fs-4.2.2.tgz",
      "integrity": "sha512-IItsdsea19BoLC7ELy13q1iJFNmd7ofZH5+X/pJr90/nRoPEX0DJo1dHDbgtYWOhJhcCgMDTOw84RZ72q6lB+Q==",
      "optional": true
    },
    "is-plain-obj": {
      "version": "1.1.0",
      "resolved": "https://registry.npmjs.org/is-plain-obj/-/is-plain-obj-1.1.0.tgz",
      "integrity": "sha1-caUMhCnfync8kqOQpKA7OfzVHT4="
    },
    "jsonfile": {
      "version": "4.0.0",
      "resolved": "https://registry.npmjs.org/jsonfile/-/jsonfile-4.0.0.tgz",
      "integrity": "sha1-h3Gq4HmbZAdrdmQPygWPnBDjPss=",
      "requires": {
        "graceful-fs": "^4.1.6"
      }
    },
    "lodash.clonedeep": {
      "version": "4.5.0",
      "resolved": "https://registry.npmjs.org/lodash.clonedeep/-/lodash.clonedeep-4.5.0.tgz",
      "integrity": "sha1-4j8/nE+Pvd6HJSnBBxhXoIblzO8="
    },
    "lodash.defaults": {
      "version": "4.2.0",
      "resolved": "https://registry.npmjs.org/lodash.defaults/-/lodash.defaults-4.2.0.tgz",
      "integrity": "sha1-0JF4cW/+pN3p5ft7N/bwgCJ0WAw="
    },
    "lodash.isarray": {
      "version": "4.0.0",
      "resolved": "https://registry.npmjs.org/lodash.isarray/-/lodash.isarray-4.0.0.tgz",
      "integrity": "sha1-KspJayjEym1yZxUxNZDALm6jRAM="
    },
    "lodash.isempty": {
      "version": "4.4.0",
      "resolved": "https://registry.npmjs.org/lodash.isempty/-/lodash.isempty-4.4.0.tgz",
      "integrity": "sha1-b4bL7di+TsmHvpqvM8loTbGzHn4="
    },
    "lodash.isfunction": {
      "version": "3.0.9",
      "resolved": "https://registry.npmjs.org/lodash.isfunction/-/lodash.isfunction-3.0.9.tgz",
      "integrity": "sha512-AirXNj15uRIMMPihnkInB4i3NHeb4iBtNg9WRWuK2o31S+ePwwNmDPaTL3o7dTJ+VXNZim7rFs4rxN4YU1oUJw=="
    },
    "mime-db": {
      "version": "1.42.0",
      "resolved": "https://registry.npmjs.org/mime-db/-/mime-db-1.42.0.tgz",
      "integrity": "sha512-UbfJCR4UAVRNgMpfImz05smAXK7+c+ZntjaA26ANtkXLlOe947Aag5zdIcKQULAiF9Cq4WxBi9jUs5zkA84bYQ=="
    },
    "mkdirp": {
      "version": "0.5.1",
      "resolved": "https://registry.npmjs.org/mkdirp/-/mkdirp-0.5.1.tgz",
      "integrity": "sha1-MAV0OOrGz3+MR2fzhkjWaX11yQM=",
      "requires": {
        "minimist": "0.0.8"
      },
      "dependencies": {
        "minimist": {
          "version": "0.0.8",
          "resolved": "https://registry.npmjs.org/minimist/-/minimist-0.0.8.tgz",
          "integrity": "sha1-hX/Kv8M5fSYluCKCYuhqp6ARsF0="
        }
      }
    },
    "modify-filename": {
      "version": "1.1.0",
      "resolved": "https://registry.npmjs.org/modify-filename/-/modify-filename-1.1.0.tgz",
      "integrity": "sha1-mi3sg4Bvuy2XXyK+7IWcoms5OqE="
    },
    "path-exists": {
      "version": "3.0.0",
      "resolved": "https://registry.npmjs.org/path-exists/-/path-exists-3.0.0.tgz",
      "integrity": "sha1-zg6+ql94yxiSXqfYENe1mwEP1RU="
    },
    "pupa": {
      "version": "1.0.0",
      "resolved": "https://registry.npmjs.org/pupa/-/pupa-1.0.0.tgz",
      "integrity": "sha1-mpVopa9+ZXuEYqbp1TKHQ1YM7/Y="
    },
    "sort-keys": {
      "version": "1.1.2",
      "resolved": "https://registry.npmjs.org/sort-keys/-/sort-keys-1.1.2.tgz",
      "integrity": "sha1-RBttTTRnmPG05J6JIK37oOVD+a0=",
      "requires": {
        "is-plain-obj": "^1.0.0"
      }
    },
    "sort-keys-length": {
      "version": "1.0.1",
      "resolved": "https://registry.npmjs.org/sort-keys-length/-/sort-keys-length-1.0.1.tgz",
      "integrity": "sha1-nLb09OnkgVWmqgZx7dM2/xR5oYg=",
      "requires": {
        "sort-keys": "^1.0.0"
      }
    },
    "unused-filename": {
      "version": "1.0.0",
      "resolved": "https://registry.npmjs.org/unused-filename/-/unused-filename-1.0.0.tgz",
      "integrity": "sha1-00CID3GuIRXrqhMlvvBcxmhEacY=",
      "requires": {
        "modify-filename": "^1.1.0",
        "path-exists": "^3.0.0"
      }
    }
  }
}
