# THIS IS AN AUTOGENERATED FILE. DO NOT EDIT THIS FILE DIRECTLY.
# yarn lockfile v1


deep-equal@^1.0.1:
  version "1.0.1"
  resolved "https://registry.yarnpkg.com/deep-equal/-/deep-equal-1.0.1.tgz#f5d260292b660e084eff4cdbc9f08ad3247448b5"
  integrity sha1-9dJgKStmDghO/0zbyfCK0yR0SLU=

electron-native-notification@^1.2.1:
  version "1.2.1"
  resolved "https://registry.yarnpkg.com/electron-native-notification/-/electron-native-notification-1.2.1.tgz#24831008fda635ddf5adb0ccedfca5dcf3f35fdc"
  integrity sha512-vjbhA80nrzFtC33jDk+6a5z55vrannZtWd14clMDEj8YlFRLxIDbunjOaT3yBiHNBK7c/fGNtYkVZYMYgFpc1Q==

electron-window-state@~4.1.1:
  version "4.1.1"
  resolved "https://registry.yarnpkg.com/electron-window-state/-/electron-window-state-4.1.1.tgz#6b34fdc31b38514dfec8b7c8f7b5d4addb67632d"
  integrity sha1-azT9wxs4UU3+yLfI97XUrdtnYy0=
  dependencies:
    deep-equal "^1.0.1"
    jsonfile "^2.2.3"
    mkdirp "^0.5.1"

graceful-fs@^4.1.6:
  version "4.1.11"
  resolved "https://registry.yarnpkg.com/graceful-fs/-/graceful-fs-4.1.11.tgz#0e8bdfe4d1ddb8854d64e04ea7c00e2a026e5658"
  integrity sha1-Dovf5NHduIVNZOBOp8AOKgJuVlg=

is-wsl@^1.1.0:
  version "1.1.0"
  resolved "https://registry.yarnpkg.com/is-wsl/-/is-wsl-1.1.0.tgz#1f16e4aa22b04d1336b66188a66af3c600c3a66d"
  integrity sha1-HxbkqiKwTRM2tmGIpmrzxgDDpm0=

jsonfile@^2.2.3:
  version "2.4.0"
  resolved "https://registry.yarnpkg.com/jsonfile/-/jsonfile-2.4.0.tgz#3736a2b428b87bbda0cc83b53fa3d633a35c2ae8"
  integrity sha1-NzaitCi4e72gzIO1P6PWM6NcKug=
  optionalDependencies:
    graceful-fs "^4.1.6"

minimist@0.0.8:
  version "0.0.8"
  resolved "https://registry.yarnpkg.com/minimist/-/minimist-0.0.8.tgz#857fcabfc3397d2625b8228262e86aa7a011b05d"
  integrity sha1-hX/Kv8M5fSYluCKCYuhqp6ARsF0=

mkdirp@^0.5.1:
  version "0.5.1"
  resolved "https://registry.yarnpkg.com/mkdirp/-/mkdirp-0.5.1.tgz#30057438eac6cf7f8c4767f38648d6697d75c903"
  integrity sha1-MAV0OOrGz3+MR2fzhkjWaX11yQM=
  dependencies:
    minimist "0.0.8"

opn@5.3.0:
  version "5.3.0"
  resolved "https://registry.yarnpkg.com/opn/-/opn-5.3.0.tgz#64871565c863875f052cfdf53d3e3cb5adb53b1c"
  integrity sha512-bYJHo/LOmoTd+pfiYhfZDnf9zekVJrY+cnS2a5F2x+w5ppvTqObojTP7WiFG+kVZs9Inw+qQ/lw7TroWwhdd2g==
  dependencies:
    is-wsl "^1.1.0"
